
Microsoft Visual Studio Solution File, Format Version 12.00
# Visual Studio Version 16
VisualStudioVersion = 16.0.30114.105
MinimumVisualStudioVersion = 10.0.40219.1
Project("{5479e5f1-db31-418f-9643-d8d9cd987c6a}") = "BombDetect", "BombDetect/BombDetect.csproj", "{9e93f51e-8e5f-4ede-b18e-9e35f610557b}"
EndProject
Project("{5479e5f1-db31-418f-9643-d8d9cd987c6a}") = "BombDetect.Core", "BombDetect.Core/BombDetect.Core.csproj", "{efd35c3f-4c31-4309-8fd3-a5c779abd260}"
EndProject
Project("{5479e5f1-db31-418f-9643-d8d9cd987c6a}") = "BombDetect", "BombDetect.Objects/BombDetect.Objects.csproj", "{7706230b-ec72-4451-8ae5-2507c578727c}"
EndProject
Global
	GlobalSection(SolutionConfigurationPlatforms) = preSolution
		Debug|Any CPU = Debug|Any CPU
		Release|Any CPU = Release|Any CPU
	EndGlobalSection
	GlobalSection(SolutionProperties) = preSolution
		HideSolutionNode = FALSE
	EndGlobalSection
EndGlobal
